
Microsoft Visual Studio Solution File, Format Version 12.00
# Visual Studio Version 16
VisualStudioVersion = 16.0.31424.327
MinimumVisualStudioVersion = 10.0.40219.1
Project("{FAE04EC0-301F-11D3-BF4B-00C04F79EFBC}") = "PracticeLinq", "PracticeLinq\PracticeLinq.csproj", "{E4D4A7C9-132D-4B0E-94EC-A5BB432A4186}"
EndProject
Global
	GlobalSection(SolutionConfigurationPlatforms) = preSolution
		Debug|Any CPU = Debug|Any CPU
		Release|Any CPU = Release|Any CPU
	EndGlobalSection
	GlobalSection(ProjectConfigurationPlatforms) = postSolution
		{E4D4A7C9-132D-4B0E-94EC-A5BB432A4186}.Debug|Any CPU.ActiveCfg = Debug|Any CPU
		{E4D4A7C9-132D-4B0E-94EC-A5BB432A4186}.Debug|Any CPU.Build.0 = Debug|Any CPU
		{E4D4A7C9-132D-4B0E-94EC-A5BB432A4186}.Release|Any CPU.ActiveCfg = Release|Any CPU
		{E4D4A7C9-132D-4B0E-94EC-A5BB432A4186}.Release|Any CPU.Build.0 = Release|Any CPU
	EndGlobalSection
	GlobalSection(SolutionProperties) = preSolution
		HideSolutionNode = FALSE
	EndGlobalSection
	GlobalSection(ExtensibilityGlobals) = postSolution
		SolutionGuid = {E093BD8F-358B-4BF9-B642-F8A1D750EA56}
	EndGlobalSection
EndGlobal
